// !$*UTF8*$!
{
	archiveVersion = 1;
	classes = {
	};
	objectVersion = 77;
	objects = {

/* Begin PBXBuildFile section */
		B64CA9F82ED4DFA900CAFEF3 /* FirebaseAnalytics in Frameworks */ = {isa = PBXBuildFile; productRef = B64CA9F72ED4DFA900CAFEF3 /* FirebaseAnalytics */; };
		B64CA9FA2ED4DFA900CAFEF3 /* FirebaseAnalyticsCore in Frameworks */ = {isa = PBXBuildFile; productRef = B64CA9F92ED4DFA900CAFEF3 /* FirebaseAnalyticsCore */; };
		B64CA9FC2ED4DFA900CAFEF3 /* FirebaseAuth in Frameworks */ = {isa = PBXBuildFile; productRef = B64CA9FB2ED4DFA900CAFEF3 /* FirebaseAuth */; };
		B64CA9FE2ED4DFA900CAFEF3 /* FirebaseCore in Frameworks */ = {isa = PBXBuildFile; productRef = B64CA9FD2ED4DFA900CAFEF3 /* FirebaseCore */; };
		B64CAA002ED4DFA900CAFEF3 /* FirebaseCrashlytics in Frameworks */ = {isa = PBXBuildFile; productRef = B64CA9FF2ED4DFA900CAFEF3 /* FirebaseCrashlytics */; };
		B64CAA022ED4DFA900CAFEF3 /* FirebaseDatabase in Frameworks */ = {isa = PBXBuildFile; productRef = B64CAA012ED4DFA900CAFEF3 /* FirebaseDatabase */; };
		B64CAA042ED4DFA900CAFEF3 /* FirebaseFirestore in Frameworks */ = {isa = PBXBuildFile; productRef = B64CAA032ED4DFA900CAFEF3 /* FirebaseFirestore */; };
		B64CAA062ED4DFA900CAFEF3 /* FirebaseFunctions in Frameworks */ = {isa = PBXBuildFile; productRef = B64CAA052ED4DFA900CAFEF3 /* FirebaseFunctions */; };
		B64CAA082ED4DFA900CAFEF3 /* FirebaseMessaging in Frameworks */ = {isa = PBXBuildFile; productRef = B64CAA072ED4DFA900CAFEF3 /* FirebaseMessaging */; };
		B64CAA0A2ED4DFA900CAFEF3 /* FirebaseRemoteConfig in Frameworks */ = {isa = PBXBuildFile; productRef = B64CAA092ED4DFA900CAFEF3 /* FirebaseRemoteConfig */; };
		B64CAA0C2ED4DFA900CAFEF3 /* FirebaseStorage in Frameworks */ = {isa = PBXBuildFile; productRef = B64CAA0B2ED4DFA900CAFEF3 /* FirebaseStorage */; };
		CB05674C7BCC2F9FDFECC9F9 /* Pods_iosApp.framework in Frameworks */ = {isa = PBXBuildFile; fileRef = BEBC43267638BFD0D82BDDA8 /* Pods_iosApp.framework */; };
/* End PBXBuildFile section */

/* Begin PBXFileReference section */
		0566E5A732045C8DB0FDF8C8 /* Pods-iosApp.release.xcconfig */ = {isa = PBXFileReference; includeInIndex = 1; lastKnownFileType = text.xcconfig; name = "Pods-iosApp.release.xcconfig"; path = "Target Support Files/Pods-iosApp/Pods-iosApp.release.xcconfig"; sourceTree = "<group>"; };
		67A54616C28096152D626239 /* Pods-iosApp.debug.xcconfig */ = {isa = PBXFileReference; includeInIndex = 1; lastKnownFileType = text.xcconfig; name = "Pods-iosApp.debug.xcconfig"; path = "Target Support Files/Pods-iosApp/Pods-iosApp.debug.xcconfig"; sourceTree = "<group>"; };
		8487328DF9D0231FDC98BCFE /* RyobiMeterApp.app */ = {isa = PBXFileReference; explicitFileType = wrapper.application; includeInIndex = 0; path = RyobiMeterApp.app; sourceTree = BUILT_PRODUCTS_DIR; };
		BEBC43267638BFD0D82BDDA8 /* Pods_iosApp.framework */ = {isa = PBXFileReference; explicitFileType = wrapper.framework; includeInIndex = 0; path = Pods_iosApp.framework; sourceTree = BUILT_PRODUCTS_DIR; };
/* End PBXFileReference section */

/* Begin PBXFileSystemSynchronizedBuildFileExceptionSet section */
		3ED08FF67E0EE4D4A8C68919 /* Exceptions for "iosApp" folder in "iosApp" target */ = {
			isa = PBXFileSystemSynchronizedBuildFileExceptionSet;
			membershipExceptions = (
				Info.plist,
			);
			target = 9F9FBBD5E14AE4E4604C168C /* iosApp */;
		};
/* End PBXFileSystemSynchronizedBuildFileExceptionSet section */

/* Begin PBXFileSystemSynchronizedRootGroup section */
		3F30E8B8B5C8751FB9D82AFD /* Configuration */ = {
			isa = PBXFileSystemSynchronizedRootGroup;
			path = Configuration;
			sourceTree = "<group>";
		};
		4F7FBC3F653B03E83C8D724D /* iosApp */ = {
			isa = PBXFileSystemSynchronizedRootGroup;
			exceptions = (
				3ED08FF67E0EE4D4A8C68919 /* Exceptions for "iosApp" folder in "iosApp" target */,
			);
			path = iosApp;
			sourceTree = "<group>";
		};
/* End PBXFileSystemSynchronizedRootGroup section */

/* Begin PBXFrameworksBuildPhase section */
		3A111AB7A3D16A51B3F5FF77 /* Frameworks */ = {
			isa = PBXFrameworksBuildPhase;
			buildActionMask = 2147483647;
			files = (
				B64CAA0A2ED4DFA900CAFEF3 /* FirebaseRemoteConfig in Frameworks */,
				B64CA9F82ED4DFA900CAFEF3 /* FirebaseAnalytics in Frameworks */,
				B64CA9FE2ED4DFA900CAFEF3 /* FirebaseCore in Frameworks */,
				B64CAA082ED4DFA900CAFEF3 /* FirebaseMessaging in Frameworks */,
				B64CA9FA2ED4DFA900CAFEF3 /* FirebaseAnalyticsCore in Frameworks */,
				B64CAA0C2ED4DFA900CAFEF3 /* FirebaseStorage in Frameworks */,
				B64CAA062ED4DFA900CAFEF3 /* FirebaseFunctions in Frameworks */,
				B64CAA002ED4DFA900CAFEF3 /* FirebaseCrashlytics in Frameworks */,
				CB05674C7BCC2F9FDFECC9F9 /* Pods_iosApp.framework in Frameworks */,
				B64CAA042ED4DFA900CAFEF3 /* FirebaseFirestore in Frameworks */,
				B64CAA022ED4DFA900CAFEF3 /* FirebaseDatabase in Frameworks */,
				B64CA9FC2ED4DFA900CAFEF3 /* FirebaseAuth in Frameworks */,
			);
			runOnlyForDeploymentPostprocessing = 0;
		};
/* End PBXFrameworksBuildPhase section */

/* Begin PBXGroup section */
		25FD872BD7EAB82683D0498C = {
			isa = PBXGroup;
			children = (
				3F30E8B8B5C8751FB9D82AFD /* Configuration */,
				4F7FBC3F653B03E83C8D724D /* iosApp */,
				A73BDB890B9F961E1BCF21D5 /* Products */,
				D01982037DCDF3011577C3E9 /* Pods */,
				FD1166C455718731E0B63C40 /* Frameworks */,
			);
			sourceTree = "<group>";
		};
		A73BDB890B9F961E1BCF21D5 /* Products */ = {
			isa = PBXGroup;
			children = (
				8487328DF9D0231FDC98BCFE /* RyobiMeterApp.app */,
			);
			name = Products;
			sourceTree = "<group>";
		};
		D01982037DCDF3011577C3E9 /* Pods */ = {
			isa = PBXGroup;
			children = (
				67A54616C28096152D626239 /* Pods-iosApp.debug.xcconfig */,
				0566E5A732045C8DB0FDF8C8 /* Pods-iosApp.release.xcconfig */,
			);
			path = Pods;
			sourceTree = "<group>";
		};
		FD1166C455718731E0B63C40 /* Frameworks */ = {
			isa = PBXGroup;
			children = (
				BEBC43267638BFD0D82BDDA8 /* Pods_iosApp.framework */,
			);
			name = Frameworks;
			sourceTree = "<group>";
		};
/* End PBXGroup section */

/* Begin PBXNativeTarget section */
		9F9FBBD5E14AE4E4604C168C /* iosApp */ = {
			isa = PBXNativeTarget;
			buildConfigurationList = 90BF0448E219C65DEE8851AF /* Build configuration list for PBXNativeTarget "iosApp" */;
			buildPhases = (
				EDA16FFCC85A66399601E44F /* [CP] Check Pods Manifest.lock */,
				B7456E687958AC2B569150FE /* Compile Kotlin Framework */,
				C45C2B981F0D9F4C10D3C132 /* Sources */,
				3A111AB7A3D16A51B3F5FF77 /* Frameworks */,
				6D3243E8D7D7D9BF6D3BC7FB /* Resources */,
			);
			buildRules = (
			);
			dependencies = (
			);
			fileSystemSynchronizedGroups = (
				4F7FBC3F653B03E83C8D724D /* iosApp */,
			);
			name = iosApp;
			productName = iosApp;
			productReference = 8487328DF9D0231FDC98BCFE /* RyobiMeterApp.app */;
			productType = "com.apple.product-type.application";
		};
/* End PBXNativeTarget section */

/* Begin PBXProject section */
		0422E24CD57E93B9D9C2A446 /* Project object */ = {
			isa = PBXProject;
			attributes = {
				BuildIndependentTargetsInParallel = 1;
				LastSwiftUpdateCheck = 1620;
				LastUpgradeCheck = 1640;
				TargetAttributes = {
					9F9FBBD5E14AE4E4604C168C = {
						CreatedOnToolsVersion = 16.2;
					};
				};
			};
			buildConfigurationList = E36E27013685C9B9A386C11F /* Build configuration list for PBXProject "iosApp" */;
			developmentRegion = en;
			hasScannedForEncodings = 0;
			knownRegions = (
				en,
				Base,
			);
			mainGroup = 25FD872BD7EAB82683D0498C;
			minimizedProjectReferenceProxies = 1;
			packageReferences = (
				B64CA9F62ED4DFA900CAFEF3 /* XCRemoteSwiftPackageReference "firebase-ios-sdk" */,
			);
			preferredProjectObjectVersion = 77;
			productRefGroup = A73BDB890B9F961E1BCF21D5 /* Products */;
			projectDirPath = "";
			projectRoot = "";
			targets = (
				9F9FBBD5E14AE4E4604C168C /* iosApp */,
			);
		};
/* End PBXProject section */

/* Begin PBXResourcesBuildPhase section */
		6D3243E8D7D7D9BF6D3BC7FB /* Resources */ = {
			isa = PBXResourcesBuildPhase;
			buildActionMask = 2147483647;
			files = (
			);
			runOnlyForDeploymentPostprocessing = 0;
		};
/* End PBXResourcesBuildPhase section */

/* Begin PBXShellScriptBuildPhase section */
		B7456E687958AC2B569150FE /* Compile Kotlin Framework */ = {
			isa = PBXShellScriptBuildPhase;
			alwaysOutOfDate = 1;
			buildActionMask = 2147483647;
			files = (
			);
			inputFileListPaths = (
			);
			inputPaths = (
			);
			name = "Compile Kotlin Framework";
			outputFileListPaths = (
			);
			outputPaths = (
			);
			runOnlyForDeploymentPostprocessing = 0;
			shellPath = /bin/sh;
			shellScript = "if [ \"YES\" = \"$OVERRIDE_KOTLIN_BUILD_IDE_SUPPORTED\" ]; then\n  echo \"Skipping Gradle build task invocation due to OVERRIDE_KOTLIN_BUILD_IDE_SUPPORTED environment variable set to \\\"YES\\\"\"\n  exit 0\nfi\ncd \"$SRCROOT/..\"\n./gradlew :composeApp:embedAndSignAppleFrameworkForXcode\n";
		};
		EDA16FFCC85A66399601E44F /* [CP] Check Pods Manifest.lock */ = {
			isa = PBXShellScriptBuildPhase;
			buildActionMask = 2147483647;
			files = (
			);
			inputFileListPaths = (
			);
			inputPaths = (
				"${PODS_PODFILE_DIR_PATH}/Podfile.lock",
				"${PODS_ROOT}/Manifest.lock",
			);
			name = "[CP] Check Pods Manifest.lock";
			outputFileListPaths = (
			);
			outputPaths = (
				"$(DERIVED_FILE_DIR)/Pods-iosApp-checkManifestLockResult.txt",
			);
			runOnlyForDeploymentPostprocessing = 0;
			shellPath = /bin/sh;
			shellScript = "diff \"${PODS_PODFILE_DIR_PATH}/Podfile.lock\" \"${PODS_ROOT}/Manifest.lock\" > /dev/null\nif [ $? != 0 ] ; then\n    # print error to STDERR\n    echo \"error: The sandbox is not in sync with the Podfile.lock. Run 'pod install' or update your CocoaPods installation.\" >&2\n    exit 1\nfi\n# This output is used by Xcode 'outputs' to avoid re-running this script phase.\necho \"SUCCESS\" > \"${SCRIPT_OUTPUT_FILE_0}\"\n";
			showEnvVarsInLog = 0;
		};
/* End PBXShellScriptBuildPhase section */

/* Begin PBXSourcesBuildPhase section */
		C45C2B981F0D9F4C10D3C132 /* Sources */ = {
			isa = PBXSourcesBuildPhase;
			buildActionMask = 2147483647;
			files = (
			);
			runOnlyForDeploymentPostprocessing = 0;
		};
/* End PBXSourcesBuildPhase section */

/* Begin XCBuildConfiguration section */
		1E5A74CE25C85325B5DB04CF /* Debug */ = {
			isa = XCBuildConfiguration;
			baseConfigurationReferenceAnchor = 3F30E8B8B5C8751FB9D82AFD /* Configuration */;
			baseConfigurationReferenceRelativePath = Config.xcconfig;
			buildSettings = {
				ALWAYS_SEARCH_USER_PATHS = NO;
				ASSETCATALOG_COMPILER_GENERATE_SWIFT_ASSET_SYMBOL_EXTENSIONS = YES;
				CLANG_ANALYZER_NONNULL = YES;
				CLANG_ANALYZER_NUMBER_OBJECT_CONVERSION = YES_AGGRESSIVE;
				CLANG_CXX_LANGUAGE_STANDARD = "gnu++20";
				CLANG_ENABLE_MODULES = YES;
				CLANG_ENABLE_OBJC_ARC = YES;
				CLANG_ENABLE_OBJC_WEAK = YES;
				CLANG_WARN_BLOCK_CAPTURE_AUTORELEASING = YES;
				CLANG_WARN_BOOL_CONVERSION = YES;
				CLANG_WARN_COMMA = YES;
				CLANG_WARN_CONSTANT_CONVERSION = YES;
				CLANG_WARN_DEPRECATED_OBJC_IMPLEMENTATIONS = YES;
				CLANG_WARN_DIRECT_OBJC_ISA_USAGE = YES_ERROR;
				CLANG_WARN_DOCUMENTATION_COMMENTS = YES;
				CLANG_WARN_EMPTY_BODY = YES;
				CLANG_WARN_ENUM_CONVERSION = YES;
				CLANG_WARN_INFINITE_RECURSION = YES;
				CLANG_WARN_INT_CONVERSION = YES;
				CLANG_WARN_NON_LITERAL_NULL_CONVERSION = YES;
				CLANG_WARN_OBJC_IMPLICIT_RETAIN_SELF = YES;
				CLANG_WARN_OBJC_LITERAL_CONVERSION = YES;
				CLANG_WARN_OBJC_ROOT_CLASS = YES_ERROR;
				CLANG_WARN_QUOTED_INCLUDE_IN_FRAMEWORK_HEADER = YES;
				CLANG_WARN_RANGE_LOOP_ANALYSIS = YES;
				CLANG_WARN_STRICT_PROTOTYPES = YES;
				CLANG_WARN_SUSPICIOUS_MOVE = YES;
				CLANG_WARN_UNGUARDED_AVAILABILITY = YES_AGGRESSIVE;
				CLANG_WARN_UNREACHABLE_CODE = YES;
				CLANG_WARN__DUPLICATE_METHOD_MATCH = YES;
				COPY_PHASE_STRIP = NO;
				DEBUG_INFORMATION_FORMAT = dwarf;
				DEVELOPMENT_TEAM = F74VUA4V53;
				ENABLE_STRICT_OBJC_MSGSEND = YES;
				ENABLE_TESTABILITY = YES;
				ENABLE_USER_SCRIPT_SANDBOXING = NO;
				GCC_C_LANGUAGE_STANDARD = gnu17;
				GCC_DYNAMIC_NO_PIC = NO;
				GCC_NO_COMMON_BLOCKS = YES;
				GCC_OPTIMIZATION_LEVEL = 0;
				GCC_PREPROCESSOR_DEFINITIONS = (
					"DEBUG=1",
					"$(inherited)",
				);
				GCC_WARN_64_TO_32_BIT_CONVERSION = YES;
				GCC_WARN_ABOUT_RETURN_TYPE = YES_ERROR;
				GCC_WARN_UNDECLARED_SELECTOR = YES;
				GCC_WARN_UNINITIALIZED_AUTOS = YES_AGGRESSIVE;
				GCC_WARN_UNUSED_FUNCTION = YES;
				GCC_WARN_UNUSED_VARIABLE = YES;
				IPHONEOS_DEPLOYMENT_TARGET = 18.2;
				LOCALIZATION_PREFERS_STRING_CATALOGS = YES;
				MTL_ENABLE_DEBUG_INFO = INCLUDE_SOURCE;
				MTL_FAST_MATH = YES;
				ONLY_ACTIVE_ARCH = YES;
				SDKROOT = iphoneos;
				SWIFT_ACTIVE_COMPILATION_CONDITIONS = "DEBUG $(inherited)";
				SWIFT_OPTIMIZATION_LEVEL = "-Onone";
			};
			name = Debug;
		};
		31A23463ACEBC4729A9BB446 /* Release */ = {
			isa = XCBuildConfiguration;
			baseConfigurationReference = 0566E5A732045C8DB0FDF8C8 /* Pods-iosApp.release.xcconfig */;
			buildSettings = {
				ASSETCATALOG_COMPILER_APPICON_NAME = AppIcon;
				ASSETCATALOG_COMPILER_GLOBAL_ACCENT_COLOR_NAME = AccentColor;
				CODE_SIGN_IDENTITY = "Apple Development";
				CODE_SIGN_STYLE = Automatic;
				DEVELOPMENT_ASSET_PATHS = "\"iosApp/Preview Content\"";
				ENABLE_PREVIEWS = YES;
				GENERATE_INFOPLIST_FILE = YES;
				INFOPLIST_FILE = iosApp/Info.plist;
				INFOPLIST_KEY_LSApplicationCategoryType = "public.app-category.utilities";
				INFOPLIST_KEY_UIApplicationSceneManifest_Generation = YES;
				INFOPLIST_KEY_UIApplicationSupportsIndirectInputEvents = YES;
				INFOPLIST_KEY_UILaunchScreen_Generation = YES;
				INFOPLIST_KEY_UISupportedInterfaceOrientations_iPad = "UIInterfaceOrientationPortrait UIInterfaceOrientationPortraitUpsideDown UIInterfaceOrientationLandscapeLeft UIInterfaceOrientationLandscapeRight";
				INFOPLIST_KEY_UISupportedInterfaceOrientations_iPhone = "UIInterfaceOrientationPortrait UIInterfaceOrientationLandscapeLeft UIInterfaceOrientationLandscapeRight";
				LD_RUNPATH_SEARCH_PATHS = (
					"$(inherited)",
					"@executable_path/Frameworks",
				);
				SWIFT_EMIT_LOC_STRINGS = YES;
				SWIFT_VERSION = 5.0;
				TARGETED_DEVICE_FAMILY = "1,2";
			};
			name = Release;
		};
		65AB429D28B46C0387246D35 /* Release */ = {
			isa = XCBuildConfiguration;
			baseConfigurationReferenceAnchor = 3F30E8B8B5C8751FB9D82AFD /* Configuration */;
			baseConfigurationReferenceRelativePath = Config.xcconfig;
			buildSettings = {
				ALWAYS_SEARCH_USER_PATHS = NO;
				ASSETCATALOG_COMPILER_GENERATE_SWIFT_ASSET_SYMBOL_EXTENSIONS = YES;
				CLANG_ANALYZER_NONNULL = YES;
				CLANG_ANALYZER_NUMBER_OBJECT_CONVERSION = YES_AGGRESSIVE;
				CLANG_CXX_LANGUAGE_STANDARD = "gnu++20";
				CLANG_ENABLE_MODULES = YES;
				CLANG_ENABLE_OBJC_ARC = YES;
				CLANG_ENABLE_OBJC_WEAK = YES;
				CLANG_WARN_BLOCK_CAPTURE_AUTORELEASING = YES;
				CLANG_WARN_BOOL_CONVERSION = YES;
				CLANG_WARN_COMMA = YES;
				CLANG_WARN_CONSTANT_CONVERSION = YES;
				CLANG_WARN_DEPRECATED_OBJC_IMPLEMENTATIONS = YES;
				CLANG_WARN_DIRECT_OBJC_ISA_USAGE = YES_ERROR;
				CLANG_WARN_DOCUMENTATION_COMMENTS = YES;
				CLANG_WARN_EMPTY_BODY = YES;
				CLANG_WARN_ENUM_CONVERSION = YES;
				CLANG_WARN_INFINITE_RECURSION = YES;
				CLANG_WARN_INT_CONVERSION = YES;
				CLANG_WARN_NON_LITERAL_NULL_CONVERSION = YES;
				CLANG_WARN_OBJC_IMPLICIT_RETAIN_SELF = YES;
				CLANG_WARN_OBJC_LITERAL_CONVERSION = YES;
				CLANG_WARN_OBJC_ROOT_CLASS = YES_ERROR;
				CLANG_WARN_QUOTED_INCLUDE_IN_FRAMEWORK_HEADER = YES;
				CLANG_WARN_RANGE_LOOP_ANALYSIS = YES;
				CLANG_WARN_STRICT_PROTOTYPES = YES;
				CLANG_WARN_SUSPICIOUS_MOVE = YES;
				CLANG_WARN_UNGUARDED_AVAILABILITY = YES_AGGRESSIVE;
				CLANG_WARN_UNREACHABLE_CODE = YES;
				CLANG_WARN__DUPLICATE_METHOD_MATCH = YES;
				COPY_PHASE_STRIP = NO;
				DEBUG_INFORMATION_FORMAT = "dwarf-with-dsym";
				DEVELOPMENT_TEAM = F74VUA4V53;
				ENABLE_NS_ASSERTIONS = NO;
				ENABLE_STRICT_OBJC_MSGSEND = YES;
				ENABLE_USER_SCRIPT_SANDBOXING = NO;
				GCC_C_LANGUAGE_STANDARD = gnu17;
				GCC_NO_COMMON_BLOCKS = YES;
				GCC_WARN_64_TO_32_BIT_CONVERSION = YES;
				GCC_WARN_ABOUT_RETURN_TYPE = YES_ERROR;
				GCC_WARN_UNDECLARED_SELECTOR = YES;
				GCC_WARN_UNINITIALIZED_AUTOS = YES_AGGRESSIVE;
				GCC_WARN_UNUSED_FUNCTION = YES;
				GCC_WARN_UNUSED_VARIABLE = YES;
				IPHONEOS_DEPLOYMENT_TARGET = 18.2;
				LOCALIZATION_PREFERS_STRING_CATALOGS = YES;
				MTL_ENABLE_DEBUG_INFO = NO;
				MTL_FAST_MATH = YES;
				SDKROOT = iphoneos;
				SWIFT_COMPILATION_MODE = wholemodule;
				VALIDATE_PRODUCT = YES;
			};
			name = Release;
		};
		EE3D9D342A2C4DB48D579039 /* Debug */ = {
			isa = XCBuildConfiguration;
			baseConfigurationReference = 67A54616C28096152D626239 /* Pods-iosApp.debug.xcconfig */;
			buildSettings = {
				ASSETCATALOG_COMPILER_APPICON_NAME = AppIcon;
				ASSETCATALOG_COMPILER_GLOBAL_ACCENT_COLOR_NAME = AccentColor;
				CODE_SIGN_IDENTITY = "Apple Development";
				CODE_SIGN_STYLE = Automatic;
				DEVELOPMENT_ASSET_PATHS = "\"iosApp/Preview Content\"";
				ENABLE_PREVIEWS = YES;
				GENERATE_INFOPLIST_FILE = YES;
				INFOPLIST_FILE = iosApp/Info.plist;
				INFOPLIST_KEY_LSApplicationCategoryType = "public.app-category.utilities";
				INFOPLIST_KEY_UIApplicationSceneManifest_Generation = YES;
				INFOPLIST_KEY_UIApplicationSupportsIndirectInputEvents = YES;
				INFOPLIST_KEY_UILaunchScreen_Generation = YES;
				INFOPLIST_KEY_UISupportedInterfaceOrientations_iPad = "UIInterfaceOrientationPortrait UIInterfaceOrientationPortraitUpsideDown UIInterfaceOrientationLandscapeLeft UIInterfaceOrientationLandscapeRight";
				INFOPLIST_KEY_UISupportedInterfaceOrientations_iPhone = "UIInterfaceOrientationPortrait UIInterfaceOrientationLandscapeLeft UIInterfaceOrientationLandscapeRight";
				LD_RUNPATH_SEARCH_PATHS = (
					"$(inherited)",
					"@executable_path/Frameworks",
				);
				SWIFT_EMIT_LOC_STRINGS = YES;
				SWIFT_VERSION = 5.0;
				TARGETED_DEVICE_FAMILY = "1,2";
			};
			name = Debug;
		};
/* End XCBuildConfiguration section */

/* Begin XCConfigurationList section */
		90BF0448E219C65DEE8851AF /* Build configuration list for PBXNativeTarget "iosApp" */ = {
			isa = XCConfigurationList;
			buildConfigurations = (
				EE3D9D342A2C4DB48D579039 /* Debug */,
				31A23463ACEBC4729A9BB446 /* Release */,
			);
			defaultConfigurationIsVisible = 0;
			defaultConfigurationName = Debug;
		};
		E36E27013685C9B9A386C11F /* Build configuration list for PBXProject "iosApp" */ = {
			isa = XCConfigurationList;
			buildConfigurations = (
				1E5A74CE25C85325B5DB04CF /* Debug */,
				65AB429D28B46C0387246D35 /* Release */,
			);
			defaultConfigurationIsVisible = 0;
			defaultConfigurationName = Debug;
		};
/* End XCConfigurationList section */

/* Begin XCRemoteSwiftPackageReference section */
		B64CA9F62ED4DFA900CAFEF3 /* XCRemoteSwiftPackageReference "firebase-ios-sdk" */ = {
			isa = XCRemoteSwiftPackageReference;
			repositoryURL = "https://github.com/firebase/firebase-ios-sdk";
			requirement = {
				kind = upToNextMajorVersion;
				minimumVersion = 12.6.0;
			};
		};
/* End XCRemoteSwiftPackageReference section */

/* Begin XCSwiftPackageProductDependency section */
		B64CA9F72ED4DFA900CAFEF3 /* FirebaseAnalytics */ = {
			isa = XCSwiftPackageProductDependency;
			package = B64CA9F62ED4DFA900CAFEF3 /* XCRemoteSwiftPackageReference "firebase-ios-sdk" */;
			productName = FirebaseAnalytics;
		};
		B64CA9F92ED4DFA900CAFEF3 /* FirebaseAnalyticsCore */ = {
			isa = XCSwiftPackageProductDependency;
			package = B64CA9F62ED4DFA900CAFEF3 /* XCRemoteSwiftPackageReference "firebase-ios-sdk" */;
			productName = FirebaseAnalyticsCore;
		};
		B64CA9FB2ED4DFA900CAFEF3 /* FirebaseAuth */ = {
			isa = XCSwiftPackageProductDependency;
			package = B64CA9F62ED4DFA900CAFEF3 /* XCRemoteSwiftPackageReference "firebase-ios-sdk" */;
			productName = FirebaseAuth;
		};
		B64CA9FD2ED4DFA900CAFEF3 /* FirebaseCore */ = {
			isa = XCSwiftPackageProductDependency;
			package = B64CA9F62ED4DFA900CAFEF3 /* XCRemoteSwiftPackageReference "firebase-ios-sdk" */;
			productName = FirebaseCore;
		};
		B64CA9FF2ED4DFA900CAFEF3 /* FirebaseCrashlytics */ = {
			isa = XCSwiftPackageProductDependency;
			package = B64CA9F62ED4DFA900CAFEF3 /* XCRemoteSwiftPackageReference "firebase-ios-sdk" */;
			productName = FirebaseCrashlytics;
		};
		B64CAA012ED4DFA900CAFEF3 /* FirebaseDatabase */ = {
			isa = XCSwiftPackageProductDependency;
			package = B64CA9F62ED4DFA900CAFEF3 /* XCRemoteSwiftPackageReference "firebase-ios-sdk" */;
			productName = FirebaseDatabase;
		};
		B64CAA032ED4DFA900CAFEF3 /* FirebaseFirestore */ = {
			isa = XCSwiftPackageProductDependency;
			package = B64CA9F62ED4DFA900CAFEF3 /* XCRemoteSwiftPackageReference "firebase-ios-sdk" */;
			productName = FirebaseFirestore;
		};
		B64CAA052ED4DFA900CAFEF3 /* FirebaseFunctions */ = {
			isa = XCSwiftPackageProductDependency;
			package = B64CA9F62ED4DFA900CAFEF3 /* XCRemoteSwiftPackageReference "firebase-ios-sdk" */;
			productName = FirebaseFunctions;
		};
		B64CAA072ED4DFA900CAFEF3 /* FirebaseMessaging */ = {
			isa = XCSwiftPackageProductDependency;
			package = B64CA9F62ED4DFA900CAFEF3 /* XCRemoteSwiftPackageReference "firebase-ios-sdk" */;
			productName = FirebaseMessaging;
		};
		B64CAA092ED4DFA900CAFEF3 /* FirebaseRemoteConfig */ = {
			isa = XCSwiftPackageProductDependency;
			package = B64CA9F62ED4DFA900CAFEF3 /* XCRemoteSwiftPackageReference "firebase-ios-sdk" */;
			productName = FirebaseRemoteConfig;
		};
		B64CAA0B2ED4DFA900CAFEF3 /* FirebaseStorage */ = {
			isa = XCSwiftPackageProductDependency;
			package = B64CA9F62ED4DFA900CAFEF3 /* XCRemoteSwiftPackageReference "firebase-ios-sdk" */;
			productName = FirebaseStorage;
		};
/* End XCSwiftPackageProductDependency section */
	};
	rootObject = 0422E24CD57E93B9D9C2A446 /* Project object */;
}
